
Microsoft Visual Studio Solution File, Format Version 12.00
# Visual Studio Version 16
VisualStudioVersion = 16.0.31729.503
MinimumVisualStudioVersion = 10.0.40219.1
Project("{FAE04EC0-301F-11D3-BF4B-00C04F79EFBC}") = "GUI", "GUI\GUI.csproj", "{6C3DF506-75C2-4AB5-9E1D-DF606C3BDAB5}"
EndProject
Global
	GlobalSection(SolutionConfigurationPlatforms) = preSolution
		Debug|Any CPU = Debug|Any CPU
		Release|Any CPU = Release|Any CPU
	EndGlobalSection
	GlobalSection(ProjectConfigurationPlatforms) = postSolution
		{6C3DF506-75C2-4AB5-9E1D-DF606C3BDAB5}.Debug|Any CPU.ActiveCfg = Debug|Any CPU
		{6C3DF506-75C2-4AB5-9E1D-DF606C3BDAB5}.Debug|Any CPU.Build.0 = Debug|Any CPU
		{6C3DF506-75C2-4AB5-9E1D-DF606C3BDAB5}.Release|Any CPU.ActiveCfg = Release|Any CPU
		{6C3DF506-75C2-4AB5-9E1D-DF606C3BDAB5}.Release|Any CPU.Build.0 = Release|Any CPU
	EndGlobalSection
	GlobalSection(SolutionProperties) = preSolution
		HideSolutionNode = FALSE
	EndGlobalSection
	GlobalSection(ExtensibilityGlobals) = postSolution
		SolutionGuid = {2757AA37-B99E-4EF2-94B9-B65A60709053}
	EndGlobalSection
EndGlobal
